// !$*UTF8*$!
{
	archiveVersion = 1;
	classes = {
	};
	objectVersion = 56;
	objects = {

/* Begin PBXBuildFile section */
		40EBCCE5813A6582345AF70F /* Pods_TodoRx.framework in Frameworks */ = {isa = PBXBuildFile; fileRef = 7E55699397558445F1CFB28E /* Pods_TodoRx.framework */; };
		6053521F29CBFF9700967329 /* TodoModel.swift in Sources */ = {isa = PBXBuildFile; fileRef = 6053521E29CBFF9700967329 /* TodoModel.swift */; };
		608B28B429C6FB2C000FA537 /* TodoCell.swift in Sources */ = {isa = PBXBuildFile; fileRef = 608B28B329C6FB2C000FA537 /* TodoCell.swift */; };
		60C1A3DE29C8300300A28FFA /* CoreDataManager.swift in Sources */ = {isa = PBXBuildFile; fileRef = 60C1A3DD29C8300300A28FFA /* CoreDataManager.swift */; };
		60C1A3E129C8353B00A28FFA /* Todo.xcdatamodeld in Sources */ = {isa = PBXBuildFile; fileRef = 60C1A3DF29C8353B00A28FFA /* Todo.xcdatamodeld */; };
		60E5D1EA29C76FC80080B18E /* ModalViewController.swift in Sources */ = {isa = PBXBuildFile; fileRef = 60E5D1E929C76FC80080B18E /* ModalViewController.swift */; };
		60E5D1EC29C806DC0080B18E /* TodoViewModel.swift in Sources */ = {isa = PBXBuildFile; fileRef = 60E5D1EB29C806DC0080B18E /* TodoViewModel.swift */; };
		60FC21EB29C6E9A600504659 /* AppDelegate.swift in Sources */ = {isa = PBXBuildFile; fileRef = 60FC21EA29C6E9A600504659 /* AppDelegate.swift */; };
		60FC21ED29C6E9A600504659 /* SceneDelegate.swift in Sources */ = {isa = PBXBuildFile; fileRef = 60FC21EC29C6E9A600504659 /* SceneDelegate.swift */; };
		60FC21EF29C6E9A600504659 /* ViewController.swift in Sources */ = {isa = PBXBuildFile; fileRef = 60FC21EE29C6E9A600504659 /* ViewController.swift */; };
		60FC21F429C6E9A700504659 /* Assets.xcassets in Resources */ = {isa = PBXBuildFile; fileRef = 60FC21F329C6E9A700504659 /* Assets.xcassets */; };
		60FC21F729C6E9A700504659 /* LaunchScreen.storyboard in Resources */ = {isa = PBXBuildFile; fileRef = 60FC21F529C6E9A700504659 /* LaunchScreen.storyboard */; };
/* End PBXBuildFile section */

/* Begin PBXFileReference section */
		6053521E29CBFF9700967329 /* TodoModel.swift */ = {isa = PBXFileReference; lastKnownFileType = sourcecode.swift; path = TodoModel.swift; sourceTree = "<group>"; };
		608B28B329C6FB2C000FA537 /* TodoCell.swift */ = {isa = PBXFileReference; lastKnownFileType = sourcecode.swift; path = TodoCell.swift; sourceTree = "<group>"; };
		60C1A3DD29C8300300A28FFA /* CoreDataManager.swift */ = {isa = PBXFileReference; lastKnownFileType = sourcecode.swift; path = CoreDataManager.swift; sourceTree = "<group>"; };
		60C1A3E029C8353B00A28FFA /* Todo.xcdatamodel */ = {isa = PBXFileReference; lastKnownFileType = wrapper.xcdatamodel; path = Todo.xcdatamodel; sourceTree = "<group>"; };
		60E5D1E929C76FC80080B18E /* ModalViewController.swift */ = {isa = PBXFileReference; lastKnownFileType = sourcecode.swift; path = ModalViewController.swift; sourceTree = "<group>"; };
		60E5D1EB29C806DC0080B18E /* TodoViewModel.swift */ = {isa = PBXFileReference; lastKnownFileType = sourcecode.swift; path = TodoViewModel.swift; sourceTree = "<group>"; };
		60FC21E729C6E9A600504659 /* TodoRx.app */ = {isa = PBXFileReference; explicitFileType = wrapper.application; includeInIndex = 0; path = TodoRx.app; sourceTree = BUILT_PRODUCTS_DIR; };
		60FC21EA29C6E9A600504659 /* AppDelegate.swift */ = {isa = PBXFileReference; lastKnownFileType = sourcecode.swift; path = AppDelegate.swift; sourceTree = "<group>"; };
		60FC21EC29C6E9A600504659 /* SceneDelegate.swift */ = {isa = PBXFileReference; lastKnownFileType = sourcecode.swift; path = SceneDelegate.swift; sourceTree = "<group>"; };
		60FC21EE29C6E9A600504659 /* ViewController.swift */ = {isa = PBXFileReference; lastKnownFileType = sourcecode.swift; path = ViewController.swift; sourceTree = "<group>"; };
		60FC21F329C6E9A700504659 /* Assets.xcassets */ = {isa = PBXFileReference; lastKnownFileType = folder.assetcatalog; path = Assets.xcassets; sourceTree = "<group>"; };
		60FC21F629C6E9A700504659 /* Base */ = {isa = PBXFileReference; lastKnownFileType = file.storyboard; name = Base; path = Base.lproj/LaunchScreen.storyboard; sourceTree = "<group>"; };
		60FC21F829C6E9A700504659 /* Info.plist */ = {isa = PBXFileReference; lastKnownFileType = text.plist.xml; path = Info.plist; sourceTree = "<group>"; };
		68F3A2DAAE41475F4E94D276 /* Pods-TodoRx.debug.xcconfig */ = {isa = PBXFileReference; includeInIndex = 1; lastKnownFileType = text.xcconfig; name = "Pods-TodoRx.debug.xcconfig"; path = "Target Support Files/Pods-TodoRx/Pods-TodoRx.debug.xcconfig"; sourceTree = "<group>"; };
		7E55699397558445F1CFB28E /* Pods_TodoRx.framework */ = {isa = PBXFileReference; explicitFileType = wrapper.framework; includeInIndex = 0; path = Pods_TodoRx.framework; sourceTree = BUILT_PRODUCTS_DIR; };
		831DA602A4378740268EB5BF /* Pods-TodoRx.release.xcconfig */ = {isa = PBXFileReference; includeInIndex = 1; lastKnownFileType = text.xcconfig; name = "Pods-TodoRx.release.xcconfig"; path = "Target Support Files/Pods-TodoRx/Pods-TodoRx.release.xcconfig"; sourceTree = "<group>"; };
/* End PBXFileReference section */

/* Begin PBXFrameworksBuildPhase section */
		60FC21E429C6E9A600504659 /* Frameworks */ = {
			isa = PBXFrameworksBuildPhase;
			buildActionMask = 2147483647;
			files = (
				40EBCCE5813A6582345AF70F /* Pods_TodoRx.framework in Frameworks */,
			);
			runOnlyForDeploymentPostprocessing = 0;
		};
/* End PBXFrameworksBuildPhase section */

/* Begin PBXGroup section */
		13AEB07AFBE1E1D703A41956 /* Pods */ = {
			isa = PBXGroup;
			children = (
				68F3A2DAAE41475F4E94D276 /* Pods-TodoRx.debug.xcconfig */,
				831DA602A4378740268EB5BF /* Pods-TodoRx.release.xcconfig */,
			);
			path = Pods;
			sourceTree = "<group>";
		};
		6053521D29CBFF8000967329 /* Models */ = {
			isa = PBXGroup;
			children = (
				6053521E29CBFF9700967329 /* TodoModel.swift */,
			);
			path = Models;
			sourceTree = "<group>";
		};
		608B28B829C70751000FA537 /* ViewModels */ = {
			isa = PBXGroup;
			children = (
				60E5D1EB29C806DC0080B18E /* TodoViewModel.swift */,
			);
			path = ViewModels;
			sourceTree = "<group>";
		};
		608B28B929C70759000FA537 /* Views */ = {
			isa = PBXGroup;
			children = (
				608B28B329C6FB2C000FA537 /* TodoCell.swift */,
				60FC21EE29C6E9A600504659 /* ViewController.swift */,
				60E5D1E929C76FC80080B18E /* ModalViewController.swift */,
			);
			path = Views;
			sourceTree = "<group>";
		};
		608B28BA29C70770000FA537 /* App */ = {
			isa = PBXGroup;
			children = (
				60FC21EA29C6E9A600504659 /* AppDelegate.swift */,
				60FC21EC29C6E9A600504659 /* SceneDelegate.swift */,
			);
			path = App;
			sourceTree = "<group>";
		};
		60C1A3DC29C82FF100A28FFA /* Utilities */ = {
			isa = PBXGroup;
			children = (
				60C1A3DD29C8300300A28FFA /* CoreDataManager.swift */,
				60C1A3DF29C8353B00A28FFA /* Todo.xcdatamodeld */,
			);
			path = Utilities;
			sourceTree = "<group>";
		};
		60FC21DE29C6E9A600504659 = {
			isa = PBXGroup;
			children = (
				60FC21E929C6E9A600504659 /* TodoRx */,
				60FC21E829C6E9A600504659 /* Products */,
				13AEB07AFBE1E1D703A41956 /* Pods */,
				F0BF74AA57546DCE6B504A92 /* Frameworks */,
			);
			sourceTree = "<group>";
		};
		60FC21E829C6E9A600504659 /* Products */ = {
			isa = PBXGroup;
			children = (
				60FC21E729C6E9A600504659 /* TodoRx.app */,
			);
			name = Products;
			sourceTree = "<group>";
		};
		60FC21E929C6E9A600504659 /* TodoRx */ = {
			isa = PBXGroup;
			children = (
				608B28BA29C70770000FA537 /* App */,
				6053521D29CBFF8000967329 /* Models */,
				608B28B929C70759000FA537 /* Views */,
				608B28B829C70751000FA537 /* ViewModels */,
				60C1A3DC29C82FF100A28FFA /* Utilities */,
				60FC21F529C6E9A700504659 /* LaunchScreen.storyboard */,
				60FC21F329C6E9A700504659 /* Assets.xcassets */,
				60FC21F829C6E9A700504659 /* Info.plist */,
			);
			path = TodoRx;
			sourceTree = "<group>";
		};
		F0BF74AA57546DCE6B504A92 /* Frameworks */ = {
			isa = PBXGroup;
			children = (
				7E55699397558445F1CFB28E /* Pods_TodoRx.framework */,
			);
			name = Frameworks;
			sourceTree = "<group>";
		};
/* End PBXGroup section */

/* Begin PBXNativeTarget section */
		60FC21E629C6E9A600504659 /* TodoRx */ = {
			isa = PBXNativeTarget;
			buildConfigurationList = 60FC21FB29C6E9A700504659 /* Build configuration list for PBXNativeTarget "TodoRx" */;
			buildPhases = (
				BD2709F786F02EAC30E9BC0A /* [CP] Check Pods Manifest.lock */,
				60FC21E329C6E9A600504659 /* Sources */,
				60FC21E429C6E9A600504659 /* Frameworks */,
				60FC21E529C6E9A600504659 /* Resources */,
				2A98EAD05FB4779F0FC48B5D /* [CP] Embed Pods Frameworks */,
			);
			buildRules = (
			);
			dependencies = (
			);
			name = TodoRx;
			productName = TodoRx;
			productReference = 60FC21E729C6E9A600504659 /* TodoRx.app */;
			productType = "com.apple.product-type.application";
		};
/* End PBXNativeTarget section */

/* Begin PBXProject section */
		60FC21DF29C6E9A600504659 /* Project object */ = {
			isa = PBXProject;
			attributes = {
				BuildIndependentTargetsInParallel = 1;
				LastSwiftUpdateCheck = 1420;
				LastUpgradeCheck = 1420;
				TargetAttributes = {
					60FC21E629C6E9A600504659 = {
						CreatedOnToolsVersion = 14.2;
					};
				};
			};
			buildConfigurationList = 60FC21E229C6E9A600504659 /* Build configuration list for PBXProject "TodoRx" */;
			compatibilityVersion = "Xcode 14.0";
			developmentRegion = en;
			hasScannedForEncodings = 0;
			knownRegions = (
				en,
				Base,
			);
			mainGroup = 60FC21DE29C6E9A600504659;
			productRefGroup = 60FC21E829C6E9A600504659 /* Products */;
			projectDirPath = "";
			projectRoot = "";
			targets = (
				60FC21E629C6E9A600504659 /* TodoRx */,
			);
		};
/* End PBXProject section */

/* Begin PBXResourcesBuildPhase section */
		60FC21E529C6E9A600504659 /* Resources */ = {
			isa = PBXResourcesBuildPhase;
			buildActionMask = 2147483647;
			files = (
				60FC21F729C6E9A700504659 /* LaunchScreen.storyboard in Resources */,
				60FC21F429C6E9A700504659 /* Assets.xcassets in Resources */,
			);
			runOnlyForDeploymentPostprocessing = 0;
		};
/* End PBXResourcesBuildPhase section */

/* Begin PBXShellScriptBuildPhase section */
		2A98EAD05FB4779F0FC48B5D /* [CP] Embed Pods Frameworks */ = {
			isa = PBXShellScriptBuildPhase;
			buildActionMask = 2147483647;
			files = (
			);
			inputFileListPaths = (
				"${PODS_ROOT}/Target Support Files/Pods-TodoRx/Pods-TodoRx-frameworks-${CONFIGURATION}-input-files.xcfilelist",
			);
			name = "[CP] Embed Pods Frameworks";
			outputFileListPaths = (
				"${PODS_ROOT}/Target Support Files/Pods-TodoRx/Pods-TodoRx-frameworks-${CONFIGURATION}-output-files.xcfilelist",
			);
			runOnlyForDeploymentPostprocessing = 0;
			shellPath = /bin/sh;
			shellScript = "\"${PODS_ROOT}/Target Support Files/Pods-TodoRx/Pods-TodoRx-frameworks.sh\"\n";
			showEnvVarsInLog = 0;
		};
		BD2709F786F02EAC30E9BC0A /* [CP] Check Pods Manifest.lock */ = {
			isa = PBXShellScriptBuildPhase;
			buildActionMask = 2147483647;
			files = (
			);
			inputFileListPaths = (
			);
			inputPaths = (
				"${PODS_PODFILE_DIR_PATH}/Podfile.lock",
				"${PODS_ROOT}/Manifest.lock",
			);
			name = "[CP] Check Pods Manifest.lock";
			outputFileListPaths = (
			);
			outputPaths = (
				"$(DERIVED_FILE_DIR)/Pods-TodoRx-checkManifestLockResult.txt",
			);
			runOnlyForDeploymentPostprocessing = 0;
			shellPath = /bin/sh;
			shellScript = "diff \"${PODS_PODFILE_DIR_PATH}/Podfile.lock\" \"${PODS_ROOT}/Manifest.lock\" > /dev/null\nif [ $? != 0 ] ; then\n    # print error to STDERR\n    echo \"error: The sandbox is not in sync with the Podfile.lock. Run 'pod install' or update your CocoaPods installation.\" >&2\n    exit 1\nfi\n# This output is used by Xcode 'outputs' to avoid re-running this script phase.\necho \"SUCCESS\" > \"${SCRIPT_OUTPUT_FILE_0}\"\n";
			showEnvVarsInLog = 0;
		};
/* End PBXShellScriptBuildPhase section */

/* Begin PBXSourcesBuildPhase section */
		60FC21E329C6E9A600504659 /* Sources */ = {
			isa = PBXSourcesBuildPhase;
			buildActionMask = 2147483647;
			files = (
				6053521F29CBFF9700967329 /* TodoModel.swift in Sources */,
				60FC21EF29C6E9A600504659 /* ViewController.swift in Sources */,
				60FC21EB29C6E9A600504659 /* AppDelegate.swift in Sources */,
				60FC21ED29C6E9A600504659 /* SceneDelegate.swift in Sources */,
				608B28B429C6FB2C000FA537 /* TodoCell.swift in Sources */,
				60C1A3E129C8353B00A28FFA /* Todo.xcdatamodeld in Sources */,
				60E5D1EA29C76FC80080B18E /* ModalViewController.swift in Sources */,
				60E5D1EC29C806DC0080B18E /* TodoViewModel.swift in Sources */,
				60C1A3DE29C8300300A28FFA /* CoreDataManager.swift in Sources */,
			);
			runOnlyForDeploymentPostprocessing = 0;
		};
/* End PBXSourcesBuildPhase section */

/* Begin PBXVariantGroup section */
		60FC21F529C6E9A700504659 /* LaunchScreen.storyboard */ = {
			isa = PBXVariantGroup;
			children = (
				60FC21F629C6E9A700504659 /* Base */,
			);
			name = LaunchScreen.storyboard;
			sourceTree = "<group>";
		};
/* End PBXVariantGroup section */

/* Begin XCBuildConfiguration section */
		60FC21F929C6E9A700504659 /* Debug */ = {
			isa = XCBuildConfiguration;
			buildSettings = {
				ALWAYS_SEARCH_USER_PATHS = NO;
				CLANG_ANALYZER_NONNULL = YES;
				CLANG_ANALYZER_NUMBER_OBJECT_CONVERSION = YES_AGGRESSIVE;
				CLANG_CXX_LANGUAGE_STANDARD = "gnu++20";
				CLANG_ENABLE_MODULES = YES;
				CLANG_ENABLE_OBJC_ARC = YES;
				CLANG_ENABLE_OBJC_WEAK = YES;
				CLANG_WARN_BLOCK_CAPTURE_AUTORELEASING = YES;
				CLANG_WARN_BOOL_CONVERSION = YES;
				CLANG_WARN_COMMA = YES;
				CLANG_WARN_CONSTANT_CONVERSION = YES;
				CLANG_WARN_DEPRECATED_OBJC_IMPLEMENTATIONS = YES;
				CLANG_WARN_DIRECT_OBJC_ISA_USAGE = YES_ERROR;
				CLANG_WARN_DOCUMENTATION_COMMENTS = YES;
				CLANG_WARN_EMPTY_BODY = YES;
				CLANG_WARN_ENUM_CONVERSION = YES;
				CLANG_WARN_INFINITE_RECURSION = YES;
				CLANG_WARN_INT_CONVERSION = YES;
				CLANG_WARN_NON_LITERAL_NULL_CONVERSION = YES;
				CLANG_WARN_OBJC_IMPLICIT_RETAIN_SELF = YES;
				CLANG_WARN_OBJC_LITERAL_CONVERSION = YES;
				CLANG_WARN_OBJC_ROOT_CLASS = YES_ERROR;
				CLANG_WARN_QUOTED_INCLUDE_IN_FRAMEWORK_HEADER = YES;
				CLANG_WARN_RANGE_LOOP_ANALYSIS = YES;
				CLANG_WARN_STRICT_PROTOTYPES = YES;
				CLANG_WARN_SUSPICIOUS_MOVE = YES;
				CLANG_WARN_UNGUARDED_AVAILABILITY = YES_AGGRESSIVE;
				CLANG_WARN_UNREACHABLE_CODE = YES;
				CLANG_WARN__DUPLICATE_METHOD_MATCH = YES;
				COPY_PHASE_STRIP = NO;
				DEBUG_INFORMATION_FORMAT = dwarf;
				ENABLE_STRICT_OBJC_MSGSEND = YES;
				ENABLE_TESTABILITY = YES;
				GCC_C_LANGUAGE_STANDARD = gnu11;
				GCC_DYNAMIC_NO_PIC = NO;
				GCC_NO_COMMON_BLOCKS = YES;
				GCC_OPTIMIZATION_LEVEL = 0;
				GCC_PREPROCESSOR_DEFINITIONS = (
					"DEBUG=1",
					"$(inherited)",
				);
				GCC_WARN_64_TO_32_BIT_CONVERSION = YES;
				GCC_WARN_ABOUT_RETURN_TYPE = YES_ERROR;
				GCC_WARN_UNDECLARED_SELECTOR = YES;
				GCC_WARN_UNINITIALIZED_AUTOS = YES_AGGRESSIVE;
				GCC_WARN_UNUSED_FUNCTION = YES;
				GCC_WARN_UNUSED_VARIABLE = YES;
				IPHONEOS_DEPLOYMENT_TARGET = 16.2;
				MTL_ENABLE_DEBUG_INFO = INCLUDE_SOURCE;
				MTL_FAST_MATH = YES;
				ONLY_ACTIVE_ARCH = YES;
				SDKROOT = iphoneos;
				SWIFT_ACTIVE_COMPILATION_CONDITIONS = DEBUG;
				SWIFT_OPTIMIZATION_LEVEL = "-Onone";
			};
			name = Debug;
		};
		60FC21FA29C6E9A700504659 /* Release */ = {
			isa = XCBuildConfiguration;
			buildSettings = {
				ALWAYS_SEARCH_USER_PATHS = NO;
				CLANG_ANALYZER_NONNULL = YES;
				CLANG_ANALYZER_NUMBER_OBJECT_CONVERSION = YES_AGGRESSIVE;
				CLANG_CXX_LANGUAGE_STANDARD = "gnu++20";
				CLANG_ENABLE_MODULES = YES;
				CLANG_ENABLE_OBJC_ARC = YES;
				CLANG_ENABLE_OBJC_WEAK = YES;
				CLANG_WARN_BLOCK_CAPTURE_AUTORELEASING = YES;
				CLANG_WARN_BOOL_CONVERSION = YES;
				CLANG_WARN_COMMA = YES;
				CLANG_WARN_CONSTANT_CONVERSION = YES;
				CLANG_WARN_DEPRECATED_OBJC_IMPLEMENTATIONS = YES;
				CLANG_WARN_DIRECT_OBJC_ISA_USAGE = YES_ERROR;
				CLANG_WARN_DOCUMENTATION_COMMENTS = YES;
				CLANG_WARN_EMPTY_BODY = YES;
				CLANG_WARN_ENUM_CONVERSION = YES;
				CLANG_WARN_INFINITE_RECURSION = YES;
				CLANG_WARN_INT_CONVERSION = YES;
				CLANG_WARN_NON_LITERAL_NULL_CONVERSION = YES;
				CLANG_WARN_OBJC_IMPLICIT_RETAIN_SELF = YES;
				CLANG_WARN_OBJC_LITERAL_CONVERSION = YES;
				CLANG_WARN_OBJC_ROOT_CLASS = YES_ERROR;
				CLANG_WARN_QUOTED_INCLUDE_IN_FRAMEWORK_HEADER = YES;
				CLANG_WARN_RANGE_LOOP_ANALYSIS = YES;
				CLANG_WARN_STRICT_PROTOTYPES = YES;
				CLANG_WARN_SUSPICIOUS_MOVE = YES;
				CLANG_WARN_UNGUARDED_AVAILABILITY = YES_AGGRESSIVE;
				CLANG_WARN_UNREACHABLE_CODE = YES;
				CLANG_WARN__DUPLICATE_METHOD_MATCH = YES;
				COPY_PHASE_STRIP = NO;
				DEBUG_INFORMATION_FORMAT = "dwarf-with-dsym";
				ENABLE_NS_ASSERTIONS = NO;
				ENABLE_STRICT_OBJC_MSGSEND = YES;
				GCC_C_LANGUAGE_STANDARD = gnu11;
				GCC_NO_COMMON_BLOCKS = YES;
				GCC_WARN_64_TO_32_BIT_CONVERSION = YES;
				GCC_WARN_ABOUT_RETURN_TYPE = YES_ERROR;
				GCC_WARN_UNDECLARED_SELECTOR = YES;
				GCC_WARN_UNINITIALIZED_AUTOS = YES_AGGRESSIVE;
				GCC_WARN_UNUSED_FUNCTION = YES;
				GCC_WARN_UNUSED_VARIABLE = YES;
				IPHONEOS_DEPLOYMENT_TARGET = 16.2;
				MTL_ENABLE_DEBUG_INFO = NO;
				MTL_FAST_MATH = YES;
				SDKROOT = iphoneos;
				SWIFT_COMPILATION_MODE = wholemodule;
				SWIFT_OPTIMIZATION_LEVEL = "-O";
				VALIDATE_PRODUCT = YES;
			};
			name = Release;
		};
		60FC21FC29C6E9A700504659 /* Debug */ = {
			isa = XCBuildConfiguration;
			baseConfigurationReference = 68F3A2DAAE41475F4E94D276 /* Pods-TodoRx.debug.xcconfig */;
			buildSettings = {
				ASSETCATALOG_COMPILER_APPICON_NAME = AppIcon;
				ASSETCATALOG_COMPILER_GLOBAL_ACCENT_COLOR_NAME = AccentColor;
				CODE_SIGN_STYLE = Automatic;
				CURRENT_PROJECT_VERSION = 1;
				DEVELOPMENT_TEAM = MV89SHQKF4;
				GENERATE_INFOPLIST_FILE = YES;
				INFOPLIST_FILE = TodoRx/Info.plist;
				INFOPLIST_KEY_UIApplicationSupportsIndirectInputEvents = YES;
				INFOPLIST_KEY_UILaunchStoryboardName = LaunchScreen;
				INFOPLIST_KEY_UIMainStoryboardFile = "";
				INFOPLIST_KEY_UISupportedInterfaceOrientations = UIInterfaceOrientationPortrait;
				INFOPLIST_KEY_UISupportedInterfaceOrientations_iPad = "UIInterfaceOrientationLandscapeLeft UIInterfaceOrientationLandscapeRight UIInterfaceOrientationPortrait UIInterfaceOrientationPortraitUpsideDown";
				LD_RUNPATH_SEARCH_PATHS = (
					"$(inherited)",
					"@executable_path/Frameworks",
				);
				MARKETING_VERSION = 1.0;
				PRODUCT_BUNDLE_IDENTIFIER = com.ericyong.TodoRx;
				PRODUCT_NAME = "$(TARGET_NAME)";
				SUPPORTED_PLATFORMS = "iphoneos iphonesimulator";
				SUPPORTS_MACCATALYST = NO;
				SUPPORTS_MAC_DESIGNED_FOR_IPHONE_IPAD = NO;
				SWIFT_EMIT_LOC_STRINGS = YES;
				SWIFT_VERSION = 5.0;
				TARGETED_DEVICE_FAMILY = 1;
			};
			name = Debug;
		};
		60FC21FD29C6E9A700504659 /* Release */ = {
			isa = XCBuildConfiguration;
			baseConfigurationReference = 831DA602A4378740268EB5BF /* Pods-TodoRx.release.xcconfig */;
			buildSettings = {
				ASSETCATALOG_COMPILER_APPICON_NAME = AppIcon;
				ASSETCATALOG_COMPILER_GLOBAL_ACCENT_COLOR_NAME = AccentColor;
				CODE_SIGN_STYLE = Automatic;
				CURRENT_PROJECT_VERSION = 1;
				DEVELOPMENT_TEAM = MV89SHQKF4;
				GENERATE_INFOPLIST_FILE = YES;
				INFOPLIST_FILE = TodoRx/Info.plist;
				INFOPLIST_KEY_UIApplicationSupportsIndirectInputEvents = YES;
				INFOPLIST_KEY_UILaunchStoryboardName = LaunchScreen;
				INFOPLIST_KEY_UIMainStoryboardFile = "";
				INFOPLIST_KEY_UISupportedInterfaceOrientations = UIInterfaceOrientationPortrait;
				INFOPLIST_KEY_UISupportedInterfaceOrientations_iPad = "UIInterfaceOrientationLandscapeLeft UIInterfaceOrientationLandscapeRight UIInterfaceOrientationPortrait UIInterfaceOrientationPortraitUpsideDown";
				LD_RUNPATH_SEARCH_PATHS = (
					"$(inherited)",
					"@executable_path/Frameworks",
				);
				MARKETING_VERSION = 1.0;
				PRODUCT_BUNDLE_IDENTIFIER = com.ericyong.TodoRx;
				PRODUCT_NAME = "$(TARGET_NAME)";
				SUPPORTED_PLATFORMS = "iphoneos iphonesimulator";
				SUPPORTS_MACCATALYST = NO;
				SUPPORTS_MAC_DESIGNED_FOR_IPHONE_IPAD = NO;
				SWIFT_EMIT_LOC_STRINGS = YES;
				SWIFT_VERSION = 5.0;
				TARGETED_DEVICE_FAMILY = 1;
			};
			name = Release;
		};
/* End XCBuildConfiguration section */

/* Begin XCConfigurationList section */
		60FC21E229C6E9A600504659 /* Build configuration list for PBXProject "TodoRx" */ = {
			isa = XCConfigurationList;
			buildConfigurations = (
				60FC21F929C6E9A700504659 /* Debug */,
				60FC21FA29C6E9A700504659 /* Release */,
			);
			defaultConfigurationIsVisible = 0;
			defaultConfigurationName = Release;
		};
		60FC21FB29C6E9A700504659 /* Build configuration list for PBXNativeTarget "TodoRx" */ = {
			isa = XCConfigurationList;
			buildConfigurations = (
				60FC21FC29C6E9A700504659 /* Debug */,
				60FC21FD29C6E9A700504659 /* Release */,
			);
			defaultConfigurationIsVisible = 0;
			defaultConfigurationName = Release;
		};
/* End XCConfigurationList section */

/* Begin XCVersionGroup section */
		60C1A3DF29C8353B00A28FFA /* Todo.xcdatamodeld */ = {
			isa = XCVersionGroup;
			children = (
				60C1A3E029C8353B00A28FFA /* Todo.xcdatamodel */,
			);
			currentVersion = 60C1A3E029C8353B00A28FFA /* Todo.xcdatamodel */;
			path = Todo.xcdatamodeld;
			sourceTree = "<group>";
			versionGroupType = wrapper.xcdatamodel;
		};
/* End XCVersionGroup section */
	};
	rootObject = 60FC21DF29C6E9A600504659 /* Project object */;
}
